// !$*UTF8*$!
{
	archiveVersion = 1;
	classes = {
	};
	objectVersion = 50;
	objects = {

/* Begin PBXBuildFile section */
		FA0717D4210A60040064035E /* CalculatorBrain.swift in Sources */ = {isa = PBXBuildFile; fileRef = FA0717D3210A60040064035E /* CalculatorBrain.swift */; };
		FA0717D5210A60040064035E /* CalculatorBrain.swift in Sources */ = {isa = PBXBuildFile; fileRef = FA0717D3210A60040064035E /* CalculatorBrain.swift */; };
		FA0717D6210A60040064035E /* CalculatorBrain.swift in Sources */ = {isa = PBXBuildFile; fileRef = FA0717D3210A60040064035E /* CalculatorBrain.swift */; };
		FA0717D8210A7C860064035E /* OnlineCalculatorBrain.swift in Sources */ = {isa = PBXBuildFile; fileRef = FA0717D7210A7C860064035E /* OnlineCalculatorBrain.swift */; };
		FA0717D9210A7C860064035E /* OnlineCalculatorBrain.swift in Sources */ = {isa = PBXBuildFile; fileRef = FA0717D7210A7C860064035E /* OnlineCalculatorBrain.swift */; };
		FA0717DA210A7C860064035E /* OnlineCalculatorBrain.swift in Sources */ = {isa = PBXBuildFile; fileRef = FA0717D7210A7C860064035E /* OnlineCalculatorBrain.swift */; };
		FA0717E6210A7D400064035E /* onlineCalculatorTest.swift in Sources */ = {isa = PBXBuildFile; fileRef = FA0717DB210A7CC50064035E /* onlineCalculatorTest.swift */; };
		FACDC176210A56020060C6C1 /* AppDelegate.swift in Sources */ = {isa = PBXBuildFile; fileRef = FACDC175210A56020060C6C1 /* AppDelegate.swift */; };
		FACDC178210A56020060C6C1 /* ViewController.swift in Sources */ = {isa = PBXBuildFile; fileRef = FACDC177210A56020060C6C1 /* ViewController.swift */; };
		FACDC17B210A56020060C6C1 /* Main.storyboard in Resources */ = {isa = PBXBuildFile; fileRef = FACDC179210A56020060C6C1 /* Main.storyboard */; };
		FACDC17D210A56060060C6C1 /* Assets.xcassets in Resources */ = {isa = PBXBuildFile; fileRef = FACDC17C210A56060060C6C1 /* Assets.xcassets */; };
		FACDC180210A56060060C6C1 /* LaunchScreen.storyboard in Resources */ = {isa = PBXBuildFile; fileRef = FACDC17E210A56060060C6C1 /* LaunchScreen.storyboard */; };
		FACDC196210A56070060C6C1 /* divisionUITests.swift in Sources */ = {isa = PBXBuildFile; fileRef = FACDC195210A56070060C6C1 /* divisionUITests.swift */; };
		FACDC1A6210A5AB00060C6C1 /* divisionTests.swift in Sources */ = {isa = PBXBuildFile; fileRef = FACDC18A210A56070060C6C1 /* divisionTests.swift */; };
/* End PBXBuildFile section */

/* Begin PBXContainerItemProxy section */
		FACDC187210A56070060C6C1 /* PBXContainerItemProxy */ = {
			isa = PBXContainerItemProxy;
			containerPortal = FACDC16A210A56020060C6C1 /* Project object */;
			proxyType = 1;
			remoteGlobalIDString = FACDC171210A56020060C6C1;
			remoteInfo = division;
		};
		FACDC192210A56070060C6C1 /* PBXContainerItemProxy */ = {
			isa = PBXContainerItemProxy;
			containerPortal = FACDC16A210A56020060C6C1 /* Project object */;
			proxyType = 1;
			remoteGlobalIDString = FACDC171210A56020060C6C1;
			remoteInfo = division;
		};
/* End PBXContainerItemProxy section */

/* Begin PBXFileReference section */
		FA0717D2210A60040064035E /* divisionTests-Bridging-Header.h */ = {isa = PBXFileReference; lastKnownFileType = sourcecode.c.h; path = "divisionTests-Bridging-Header.h"; sourceTree = "<group>"; };
		FA0717D3210A60040064035E /* CalculatorBrain.swift */ = {isa = PBXFileReference; lastKnownFileType = sourcecode.swift; path = CalculatorBrain.swift; sourceTree = "<group>"; };
		FA0717D7210A7C860064035E /* OnlineCalculatorBrain.swift */ = {isa = PBXFileReference; lastKnownFileType = sourcecode.swift; path = OnlineCalculatorBrain.swift; sourceTree = "<group>"; };
		FA0717DB210A7CC50064035E /* onlineCalculatorTest.swift */ = {isa = PBXFileReference; lastKnownFileType = sourcecode.swift; path = onlineCalculatorTest.swift; sourceTree = "<group>"; };
		FACDC172210A56020060C6C1 /* division.app */ = {isa = PBXFileReference; explicitFileType = wrapper.application; includeInIndex = 0; path = division.app; sourceTree = BUILT_PRODUCTS_DIR; };
		FACDC175210A56020060C6C1 /* AppDelegate.swift */ = {isa = PBXFileReference; lastKnownFileType = sourcecode.swift; path = AppDelegate.swift; sourceTree = "<group>"; };
		FACDC177210A56020060C6C1 /* ViewController.swift */ = {isa = PBXFileReference; lastKnownFileType = sourcecode.swift; path = ViewController.swift; sourceTree = "<group>"; };
		FACDC17A210A56020060C6C1 /* Base */ = {isa = PBXFileReference; lastKnownFileType = file.storyboard; name = Base; path = Base.lproj/Main.storyboard; sourceTree = "<group>"; };
		FACDC17C210A56060060C6C1 /* Assets.xcassets */ = {isa = PBXFileReference; lastKnownFileType = folder.assetcatalog; path = Assets.xcassets; sourceTree = "<group>"; };
		FACDC17F210A56060060C6C1 /* Base */ = {isa = PBXFileReference; lastKnownFileType = file.storyboard; name = Base; path = Base.lproj/LaunchScreen.storyboard; sourceTree = "<group>"; };
		FACDC181210A56060060C6C1 /* Info.plist */ = {isa = PBXFileReference; lastKnownFileType = text.plist.xml; path = Info.plist; sourceTree = "<group>"; };
		FACDC186210A56070060C6C1 /* divisionTests.xctest */ = {isa = PBXFileReference; explicitFileType = wrapper.cfbundle; includeInIndex = 0; path = divisionTests.xctest; sourceTree = BUILT_PRODUCTS_DIR; };
		FACDC18A210A56070060C6C1 /* divisionTests.swift */ = {isa = PBXFileReference; lastKnownFileType = sourcecode.swift; path = divisionTests.swift; sourceTree = "<group>"; };
		FACDC18C210A56070060C6C1 /* Info.plist */ = {isa = PBXFileReference; lastKnownFileType = text.plist.xml; path = Info.plist; sourceTree = "<group>"; };
		FACDC191210A56070060C6C1 /* divisionUITests.xctest */ = {isa = PBXFileReference; explicitFileType = wrapper.cfbundle; includeInIndex = 0; path = divisionUITests.xctest; sourceTree = BUILT_PRODUCTS_DIR; };
		FACDC195210A56070060C6C1 /* divisionUITests.swift */ = {isa = PBXFileReference; lastKnownFileType = sourcecode.swift; path = divisionUITests.swift; sourceTree = "<group>"; };
		FACDC197210A56070060C6C1 /* Info.plist */ = {isa = PBXFileReference; lastKnownFileType = text.plist.xml; path = Info.plist; sourceTree = "<group>"; };
/* End PBXFileReference section */

/* Begin PBXFrameworksBuildPhase section */
		FACDC16F210A56020060C6C1 /* Frameworks */ = {
			isa = PBXFrameworksBuildPhase;
			buildActionMask = 2147483647;
			files = (
			);
			runOnlyForDeploymentPostprocessing = 0;
		};
		FACDC183210A56070060C6C1 /* Frameworks */ = {
			isa = PBXFrameworksBuildPhase;
			buildActionMask = 2147483647;
			files = (
			);
			runOnlyForDeploymentPostprocessing = 0;
		};
		FACDC18E210A56070060C6C1 /* Frameworks */ = {
			isa = PBXFrameworksBuildPhase;
			buildActionMask = 2147483647;
			files = (
			);
			runOnlyForDeploymentPostprocessing = 0;
		};
/* End PBXFrameworksBuildPhase section */

/* Begin PBXGroup section */
		FACDC169210A56020060C6C1 = {
			isa = PBXGroup;
			children = (
				FACDC174210A56020060C6C1 /* division */,
				FACDC189210A56070060C6C1 /* divisionTests */,
				FACDC194210A56070060C6C1 /* divisionUITests */,
				FACDC173210A56020060C6C1 /* Products */,
			);
			sourceTree = "<group>";
		};
		FACDC173210A56020060C6C1 /* Products */ = {
			isa = PBXGroup;
			children = (
				FACDC172210A56020060C6C1 /* division.app */,
				FACDC186210A56070060C6C1 /* divisionTests.xctest */,
				FACDC191210A56070060C6C1 /* divisionUITests.xctest */,
			);
			name = Products;
			sourceTree = "<group>";
		};
		FACDC174210A56020060C6C1 /* division */ = {
			isa = PBXGroup;
			children = (
				FACDC175210A56020060C6C1 /* AppDelegate.swift */,
				FACDC177210A56020060C6C1 /* ViewController.swift */,
				FA0717D3210A60040064035E /* CalculatorBrain.swift */,
				FA0717D7210A7C860064035E /* OnlineCalculatorBrain.swift */,
				FACDC179210A56020060C6C1 /* Main.storyboard */,
				FACDC17C210A56060060C6C1 /* Assets.xcassets */,
				FACDC17E210A56060060C6C1 /* LaunchScreen.storyboard */,
				FACDC181210A56060060C6C1 /* Info.plist */,
				FA0717D2210A60040064035E /* divisionTests-Bridging-Header.h */,
			);
			path = division;
			sourceTree = "<group>";
		};
		FACDC189210A56070060C6C1 /* divisionTests */ = {
			isa = PBXGroup;
			children = (
				FA0717DB210A7CC50064035E /* onlineCalculatorTest.swift */,
				FACDC18A210A56070060C6C1 /* divisionTests.swift */,
				FACDC18C210A56070060C6C1 /* Info.plist */,
			);
			path = divisionTests;
			sourceTree = "<group>";
		};
		FACDC194210A56070060C6C1 /* divisionUITests */ = {
			isa = PBXGroup;
			children = (
				FACDC195210A56070060C6C1 /* divisionUITests.swift */,
				FACDC197210A56070060C6C1 /* Info.plist */,
			);
			path = divisionUITests;
			sourceTree = "<group>";
		};
/* End PBXGroup section */

/* Begin PBXNativeTarget section */
		FACDC171210A56020060C6C1 /* division */ = {
			isa = PBXNativeTarget;
			buildConfigurationList = FACDC19A210A56070060C6C1 /* Build configuration list for PBXNativeTarget "division" */;
			buildPhases = (
				FACDC16E210A56020060C6C1 /* Sources */,
				FACDC16F210A56020060C6C1 /* Frameworks */,
				FACDC170210A56020060C6C1 /* Resources */,
			);
			buildRules = (
			);
			dependencies = (
			);
			name = division;
			productName = division;
			productReference = FACDC172210A56020060C6C1 /* division.app */;
			productType = "com.apple.product-type.application";
		};
		FACDC185210A56070060C6C1 /* divisionTests */ = {
			isa = PBXNativeTarget;
			buildConfigurationList = FACDC19D210A56070060C6C1 /* Build configuration list for PBXNativeTarget "divisionTests" */;
			buildPhases = (
				FACDC182210A56070060C6C1 /* Sources */,
				FACDC183210A56070060C6C1 /* Frameworks */,
				FACDC184210A56070060C6C1 /* Resources */,
			);
			buildRules = (
			);
			dependencies = (
				FACDC188210A56070060C6C1 /* PBXTargetDependency */,
			);
			name = divisionTests;
			productName = divisionTests;
			productReference = FACDC186210A56070060C6C1 /* divisionTests.xctest */;
			productType = "com.apple.product-type.bundle.unit-test";
		};
		FACDC190210A56070060C6C1 /* divisionUITests */ = {
			isa = PBXNativeTarget;
			buildConfigurationList = FACDC1A0210A56070060C6C1 /* Build configuration list for PBXNativeTarget "divisionUITests" */;
			buildPhases = (
				FACDC18D210A56070060C6C1 /* Sources */,
				FACDC18E210A56070060C6C1 /* Frameworks */,
				FACDC18F210A56070060C6C1 /* Resources */,
			);
			buildRules = (
			);
			dependencies = (
				FACDC193210A56070060C6C1 /* PBXTargetDependency */,
			);
			name = divisionUITests;
			productName = divisionUITests;
			productReference = FACDC191210A56070060C6C1 /* divisionUITests.xctest */;
			productType = "com.apple.product-type.bundle.ui-testing";
		};
/* End PBXNativeTarget section */

/* Begin PBXProject section */
		FACDC16A210A56020060C6C1 /* Project object */ = {
			isa = PBXProject;
			attributes = {
				LastSwiftUpdateCheck = 0940;
				LastUpgradeCheck = 0940;
				ORGANIZATIONNAME = "Yaheard, LLC";
				TargetAttributes = {
					FACDC171210A56020060C6C1 = {
						CreatedOnToolsVersion = 9.4.1;
					};
					FACDC185210A56070060C6C1 = {
						CreatedOnToolsVersion = 9.4.1;
						LastSwiftMigration = 0940;
						TestTargetID = FACDC171210A56020060C6C1;
					};
					FACDC190210A56070060C6C1 = {
						CreatedOnToolsVersion = 9.4.1;
						TestTargetID = FACDC171210A56020060C6C1;
					};
				};
			};
			buildConfigurationList = FACDC16D210A56020060C6C1 /* Build configuration list for PBXProject "division" */;
			compatibilityVersion = "Xcode 9.3";
			developmentRegion = en;
			hasScannedForEncodings = 0;
			knownRegions = (
				en,
				Base,
			);
			mainGroup = FACDC169210A56020060C6C1;
			productRefGroup = FACDC173210A56020060C6C1 /* Products */;
			projectDirPath = "";
			projectRoot = "";
			targets = (
				FACDC171210A56020060C6C1 /* division */,
				FACDC185210A56070060C6C1 /* divisionTests */,
				FACDC190210A56070060C6C1 /* divisionUITests */,
			);
		};
/* End PBXProject section */

/* Begin PBXResourcesBuildPhase section */
		FACDC170210A56020060C6C1 /* Resources */ = {
			isa = PBXResourcesBuildPhase;
			buildActionMask = 2147483647;
			files = (
				FACDC180210A56060060C6C1 /* LaunchScreen.storyboard in Resources */,
				FACDC17D210A56060060C6C1 /* Assets.xcassets in Resources */,
				FACDC17B210A56020060C6C1 /* Main.storyboard in Resources */,
			);
			runOnlyForDeploymentPostprocessing = 0;
		};
		FACDC184210A56070060C6C1 /* Resources */ = {
			isa = PBXResourcesBuildPhase;
			buildActionMask = 2147483647;
			files = (
			);
			runOnlyForDeploymentPostprocessing = 0;
		};
		FACDC18F210A56070060C6C1 /* Resources */ = {
			isa = PBXResourcesBuildPhase;
			buildActionMask = 2147483647;
			files = (
			);
			runOnlyForDeploymentPostprocessing = 0;
		};
/* End PBXResourcesBuildPhase section */

/* Begin PBXSourcesBuildPhase section */
		FACDC16E210A56020060C6C1 /* Sources */ = {
			isa = PBXSourcesBuildPhase;
			buildActionMask = 2147483647;
			files = (
				FA0717D8210A7C860064035E /* OnlineCalculatorBrain.swift in Sources */,
				FA0717D4210A60040064035E /* CalculatorBrain.swift in Sources */,
				FACDC178210A56020060C6C1 /* ViewController.swift in Sources */,
				FACDC176210A56020060C6C1 /* AppDelegate.swift in Sources */,
			);
			runOnlyForDeploymentPostprocessing = 0;
		};
		FACDC182210A56070060C6C1 /* Sources */ = {
			isa = PBXSourcesBuildPhase;
			buildActionMask = 2147483647;
			files = (
				FA0717E6210A7D400064035E /* onlineCalculatorTest.swift in Sources */,
				FA0717D9210A7C860064035E /* OnlineCalculatorBrain.swift in Sources */,
				FA0717D5210A60040064035E /* CalculatorBrain.swift in Sources */,
			);
			runOnlyForDeploymentPostprocessing = 0;
		};
		FACDC18D210A56070060C6C1 /* Sources */ = {
			isa = PBXSourcesBuildPhase;
			buildActionMask = 2147483647;
			files = (
				FA0717DA210A7C860064035E /* OnlineCalculatorBrain.swift in Sources */,
				FA0717D6210A60040064035E /* CalculatorBrain.swift in Sources */,
				FACDC1A6210A5AB00060C6C1 /* divisionTests.swift in Sources */,
				FACDC196210A56070060C6C1 /* divisionUITests.swift in Sources */,
			);
			runOnlyForDeploymentPostprocessing = 0;
		};
/* End PBXSourcesBuildPhase section */

/* Begin PBXTargetDependency section */
		FACDC188210A56070060C6C1 /* PBXTargetDependency */ = {
			isa = PBXTargetDependency;
			target = FACDC171210A56020060C6C1 /* division */;
			targetProxy = FACDC187210A56070060C6C1 /* PBXContainerItemProxy */;
		};
		FACDC193210A56070060C6C1 /* PBXTargetDependency */ = {
			isa = PBXTargetDependency;
			target = FACDC171210A56020060C6C1 /* division */;
			targetProxy = FACDC192210A56070060C6C1 /* PBXContainerItemProxy */;
		};
/* End PBXTargetDependency section */

/* Begin PBXVariantGroup section */
		FACDC179210A56020060C6C1 /* Main.storyboard */ = {
			isa = PBXVariantGroup;
			children = (
				FACDC17A210A56020060C6C1 /* Base */,
			);
			name = Main.storyboard;
			sourceTree = "<group>";
		};
		FACDC17E210A56060060C6C1 /* LaunchScreen.storyboard */ = {
			isa = PBXVariantGroup;
			children = (
				FACDC17F210A56060060C6C1 /* Base */,
			);
			name = LaunchScreen.storyboard;
			sourceTree = "<group>";
		};
/* End PBXVariantGroup section */

/* Begin XCBuildConfiguration section */
		FACDC198210A56070060C6C1 /* Debug */ = {
			isa = XCBuildConfiguration;
			buildSettings = {
				ALWAYS_SEARCH_USER_PATHS = NO;
				CLANG_ANALYZER_NONNULL = YES;
				CLANG_ANALYZER_NUMBER_OBJECT_CONVERSION = YES_AGGRESSIVE;
				CLANG_CXX_LANGUAGE_STANDARD = "gnu++14";
				CLANG_CXX_LIBRARY = "libc++";
				CLANG_ENABLE_MODULES = YES;
				CLANG_ENABLE_OBJC_ARC = YES;
				CLANG_ENABLE_OBJC_WEAK = YES;
				CLANG_WARN_BLOCK_CAPTURE_AUTORELEASING = YES;
				CLANG_WARN_BOOL_CONVERSION = YES;
				CLANG_WARN_COMMA = YES;
				CLANG_WARN_CONSTANT_CONVERSION = YES;
				CLANG_WARN_DEPRECATED_OBJC_IMPLEMENTATIONS = YES;
				CLANG_WARN_DIRECT_OBJC_ISA_USAGE = YES_ERROR;
				CLANG_WARN_DOCUMENTATION_COMMENTS = YES;
				CLANG_WARN_EMPTY_BODY = YES;
				CLANG_WARN_ENUM_CONVERSION = YES;
				CLANG_WARN_INFINITE_RECURSION = YES;
				CLANG_WARN_INT_CONVERSION = YES;
				CLANG_WARN_NON_LITERAL_NULL_CONVERSION = YES;
				CLANG_WARN_OBJC_IMPLICIT_RETAIN_SELF = YES;
				CLANG_WARN_OBJC_LITERAL_CONVERSION = YES;
				CLANG_WARN_OBJC_ROOT_CLASS = YES_ERROR;
				CLANG_WARN_RANGE_LOOP_ANALYSIS = YES;
				CLANG_WARN_STRICT_PROTOTYPES = YES;
				CLANG_WARN_SUSPICIOUS_MOVE = YES;
				CLANG_WARN_UNGUARDED_AVAILABILITY = YES_AGGRESSIVE;
				CLANG_WARN_UNREACHABLE_CODE = YES;
				CLANG_WARN__DUPLICATE_METHOD_MATCH = YES;
				CODE_SIGN_IDENTITY = "iPhone Developer";
				COPY_PHASE_STRIP = NO;
				DEBUG_INFORMATION_FORMAT = dwarf;
				ENABLE_STRICT_OBJC_MSGSEND = YES;
				ENABLE_TESTABILITY = YES;
				GCC_C_LANGUAGE_STANDARD = gnu11;
				GCC_DYNAMIC_NO_PIC = NO;
				GCC_NO_COMMON_BLOCKS = YES;
				GCC_OPTIMIZATION_LEVEL = 0;
				GCC_PREPROCESSOR_DEFINITIONS = (
					"DEBUG=1",
					"$(inherited)",
				);
				GCC_WARN_64_TO_32_BIT_CONVERSION = YES;
				GCC_WARN_ABOUT_RETURN_TYPE = YES_ERROR;
				GCC_WARN_UNDECLARED_SELECTOR = YES;
				GCC_WARN_UNINITIALIZED_AUTOS = YES_AGGRESSIVE;
				GCC_WARN_UNUSED_FUNCTION = YES;
				GCC_WARN_UNUSED_VARIABLE = YES;
				IPHONEOS_DEPLOYMENT_TARGET = 11.4;
				MTL_ENABLE_DEBUG_INFO = YES;
				ONLY_ACTIVE_ARCH = YES;
				SDKROOT = iphoneos;
				SWIFT_ACTIVE_COMPILATION_CONDITIONS = DEBUG;
				SWIFT_OPTIMIZATION_LEVEL = "-Onone";
			};
			name = Debug;
		};
		FACDC199210A56070060C6C1 /* Release */ = {
			isa = XCBuildConfiguration;
			buildSettings = {
				ALWAYS_SEARCH_USER_PATHS = NO;
				CLANG_ANALYZER_NONNULL = YES;
				CLANG_ANALYZER_NUMBER_OBJECT_CONVERSION = YES_AGGRESSIVE;
				CLANG_CXX_LANGUAGE_STANDARD = "gnu++14";
				CLANG_CXX_LIBRARY = "libc++";
				CLANG_ENABLE_MODULES = YES;
				CLANG_ENABLE_OBJC_ARC = YES;
				CLANG_ENABLE_OBJC_WEAK = YES;
				CLANG_WARN_BLOCK_CAPTURE_AUTORELEASING = YES;
				CLANG_WARN_BOOL_CONVERSION = YES;
				CLANG_WARN_COMMA = YES;
				CLANG_WARN_CONSTANT_CONVERSION = YES;
				CLANG_WARN_DEPRECATED_OBJC_IMPLEMENTATIONS = YES;
				CLANG_WARN_DIRECT_OBJC_ISA_USAGE = YES_ERROR;
				CLANG_WARN_DOCUMENTATION_COMMENTS = YES;
				CLANG_WARN_EMPTY_BODY = YES;
				CLANG_WARN_ENUM_CONVERSION = YES;
				CLANG_WARN_INFINITE_RECURSION = YES;
				CLANG_WARN_INT_CONVERSION = YES;
				CLANG_WARN_NON_LITERAL_NULL_CONVERSION = YES;
				CLANG_WARN_OBJC_IMPLICIT_RETAIN_SELF = YES;
				CLANG_WARN_OBJC_LITERAL_CONVERSION = YES;
				CLANG_WARN_OBJC_ROOT_CLASS = YES_ERROR;
				CLANG_WARN_RANGE_LOOP_ANALYSIS = YES;
				CLANG_WARN_STRICT_PROTOTYPES = YES;
				CLANG_WARN_SUSPICIOUS_MOVE = YES;
				CLANG_WARN_UNGUARDED_AVAILABILITY = YES_AGGRESSIVE;
				CLANG_WARN_UNREACHABLE_CODE = YES;
				CLANG_WARN__DUPLICATE_METHOD_MATCH = YES;
				CODE_SIGN_IDENTITY = "iPhone Developer";
				COPY_PHASE_STRIP = NO;
				DEBUG_INFORMATION_FORMAT = "dwarf-with-dsym";
				ENABLE_NS_ASSERTIONS = NO;
				ENABLE_STRICT_OBJC_MSGSEND = YES;
				GCC_C_LANGUAGE_STANDARD = gnu11;
				GCC_NO_COMMON_BLOCKS = YES;
				GCC_WARN_64_TO_32_BIT_CONVERSION = YES;
				GCC_WARN_ABOUT_RETURN_TYPE = YES_ERROR;
				GCC_WARN_UNDECLARED_SELECTOR = YES;
				GCC_WARN_UNINITIALIZED_AUTOS = YES_AGGRESSIVE;
				GCC_WARN_UNUSED_FUNCTION = YES;
				GCC_WARN_UNUSED_VARIABLE = YES;
				IPHONEOS_DEPLOYMENT_TARGET = 11.4;
				MTL_ENABLE_DEBUG_INFO = NO;
				SDKROOT = iphoneos;
				SWIFT_COMPILATION_MODE = wholemodule;
				SWIFT_OPTIMIZATION_LEVEL = "-O";
				VALIDATE_PRODUCT = YES;
			};
			name = Release;
		};
		FACDC19B210A56070060C6C1 /* Debug */ = {
			isa = XCBuildConfiguration;
			buildSettings = {
				ASSETCATALOG_COMPILER_APPICON_NAME = AppIcon;
				CODE_SIGN_STYLE = Automatic;
				DEVELOPMENT_TEAM = H64787TB62;
				INFOPLIST_FILE = division/Info.plist;
				LD_RUNPATH_SEARCH_PATHS = (
					"$(inherited)",
					"@executable_path/Frameworks",
				);
				PRODUCT_BUNDLE_IDENTIFIER = "Yaheard-LLC.division";
				PRODUCT_NAME = "$(TARGET_NAME)";
				SWIFT_VERSION = 4.0;
				TARGETED_DEVICE_FAMILY = "1,2";
			};
			name = Debug;
		};
		FACDC19C210A56070060C6C1 /* Release */ = {
			isa = XCBuildConfiguration;
			buildSettings = {
				ASSETCATALOG_COMPILER_APPICON_NAME = AppIcon;
				CODE_SIGN_STYLE = Automatic;
				DEVELOPMENT_TEAM = H64787TB62;
				INFOPLIST_FILE = division/Info.plist;
				LD_RUNPATH_SEARCH_PATHS = (
					"$(inherited)",
					"@executable_path/Frameworks",
				);
				PRODUCT_BUNDLE_IDENTIFIER = "Yaheard-LLC.division";
				PRODUCT_NAME = "$(TARGET_NAME)";
				SWIFT_VERSION = 4.0;
				TARGETED_DEVICE_FAMILY = "1,2";
			};
			name = Release;
		};
		FACDC19E210A56070060C6C1 /* Debug */ = {
			isa = XCBuildConfiguration;
			buildSettings = {
				ALWAYS_EMBED_SWIFT_STANDARD_LIBRARIES = YES;
				BUNDLE_LOADER = "$(TEST_HOST)";
				CLANG_ENABLE_MODULES = YES;
				CODE_SIGN_STYLE = Automatic;
				DEVELOPMENT_TEAM = H64787TB62;
				INFOPLIST_FILE = divisionTests/Info.plist;
				LD_RUNPATH_SEARCH_PATHS = (
					"$(inherited)",
					"@executable_path/Frameworks",
					"@loader_path/Frameworks",
				);
				PRODUCT_BUNDLE_IDENTIFIER = "Yaheard-LLC.divisionTests";
				PRODUCT_NAME = "$(TARGET_NAME)";
				SWIFT_OBJC_BRIDGING_HEADER = "division/divisionTests-Bridging-Header.h";
				SWIFT_OPTIMIZATION_LEVEL = "-Onone";
				SWIFT_VERSION = 4.0;
				TARGETED_DEVICE_FAMILY = "1,2";
				TEST_HOST = "$(BUILT_PRODUCTS_DIR)/division.app/division";
			};
			name = Debug;
		};
		FACDC19F210A56070060C6C1 /* Release */ = {
			isa = XCBuildConfiguration;
			buildSettings = {
				ALWAYS_EMBED_SWIFT_STANDARD_LIBRARIES = YES;
				BUNDLE_LOADER = "$(TEST_HOST)";
				CLANG_ENABLE_MODULES = YES;
				CODE_SIGN_STYLE = Automatic;
				DEVELOPMENT_TEAM = H64787TB62;
				INFOPLIST_FILE = divisionTests/Info.plist;
				LD_RUNPATH_SEARCH_PATHS = (
					"$(inherited)",
					"@executable_path/Frameworks",
					"@loader_path/Frameworks",
				);
				PRODUCT_BUNDLE_IDENTIFIER = "Yaheard-LLC.divisionTests";
				PRODUCT_NAME = "$(TARGET_NAME)";
				SWIFT_OBJC_BRIDGING_HEADER = "division/divisionTests-Bridging-Header.h";
				SWIFT_VERSION = 4.0;
				TARGETED_DEVICE_FAMILY = "1,2";
				TEST_HOST = "$(BUILT_PRODUCTS_DIR)/division.app/division";
			};
			name = Release;
		};
		FACDC1A1210A56070060C6C1 /* Debug */ = {
			isa = XCBuildConfiguration;
			buildSettings = {
				ALWAYS_EMBED_SWIFT_STANDARD_LIBRARIES = YES;
				CODE_SIGN_STYLE = Automatic;
				DEVELOPMENT_TEAM = H64787TB62;
				INFOPLIST_FILE = divisionUITests/Info.plist;
				LD_RUNPATH_SEARCH_PATHS = (
					"$(inherited)",
					"@executable_path/Frameworks",
					"@loader_path/Frameworks",
				);
				PRODUCT_BUNDLE_IDENTIFIER = "Yaheard-LLC.divisionUITests";
				PRODUCT_NAME = "$(TARGET_NAME)";
				SWIFT_VERSION = 4.0;
				TARGETED_DEVICE_FAMILY = "1,2";
				TEST_TARGET_NAME = division;
			};
			name = Debug;
		};
		FACDC1A2210A56070060C6C1 /* Release */ = {
			isa = XCBuildConfiguration;
			buildSettings = {
				ALWAYS_EMBED_SWIFT_STANDARD_LIBRARIES = YES;
				CODE_SIGN_STYLE = Automatic;
				DEVELOPMENT_TEAM = H64787TB62;
				INFOPLIST_FILE = divisionUITests/Info.plist;
				LD_RUNPATH_SEARCH_PATHS = (
					"$(inherited)",
					"@executable_path/Frameworks",
					"@loader_path/Frameworks",
				);
				PRODUCT_BUNDLE_IDENTIFIER = "Yaheard-LLC.divisionUITests";
				PRODUCT_NAME = "$(TARGET_NAME)";
				SWIFT_VERSION = 4.0;
				TARGETED_DEVICE_FAMILY = "1,2";
				TEST_TARGET_NAME = division;
			};
			name = Release;
		};
/* End XCBuildConfiguration section */

/* Begin XCConfigurationList section */
		FACDC16D210A56020060C6C1 /* Build configuration list for PBXProject "division" */ = {
			isa = XCConfigurationList;
			buildConfigurations = (
				FACDC198210A56070060C6C1 /* Debug */,
				FACDC199210A56070060C6C1 /* Release */,
			);
			defaultConfigurationIsVisible = 0;
			defaultConfigurationName = Release;
		};
		FACDC19A210A56070060C6C1 /* Build configuration list for PBXNativeTarget "division" */ = {
			isa = XCConfigurationList;
			buildConfigurations = (
				FACDC19B210A56070060C6C1 /* Debug */,
				FACDC19C210A56070060C6C1 /* Release */,
			);
			defaultConfigurationIsVisible = 0;
			defaultConfigurationName = Release;
		};
		FACDC19D210A56070060C6C1 /* Build configuration list for PBXNativeTarget "divisionTests" */ = {
			isa = XCConfigurationList;
			buildConfigurations = (
				FACDC19E210A56070060C6C1 /* Debug */,
				FACDC19F210A56070060C6C1 /* Release */,
			);
			defaultConfigurationIsVisible = 0;
			defaultConfigurationName = Release;
		};
		FACDC1A0210A56070060C6C1 /* Build configuration list for PBXNativeTarget "divisionUITests" */ = {
			isa = XCConfigurationList;
			buildConfigurations = (
				FACDC1A1210A56070060C6C1 /* Debug */,
				FACDC1A2210A56070060C6C1 /* Release */,
			);
			defaultConfigurationIsVisible = 0;
			defaultConfigurationName = Release;
		};
/* End XCConfigurationList section */
	};
	rootObject = FACDC16A210A56020060C6C1 /* Project object */;
}
